
Microsoft Visual Studio Solution File, Format Version 12.00
# Visual Studio Version 16
VisualStudioVersion = 16.0.30011.22
MinimumVisualStudioVersion = 10.0.40219.1
Project("{9A19103F-16F7-4668-BE54-9A1E7A4F7556}") = "DataAccess", "DataAccess\DataAccess.csproj", "{D0FA81BF-06D7-4322-AB3D-01628E2F3614}"
EndProject
Project("{9A19103F-16F7-4668-BE54-9A1E7A4F7556}") = "Business", "Business\Business.csproj", "{3FA08D31-337B-4907-8688-C11C84F2F801}"
EndProject
Project("{9A19103F-16F7-4668-BE54-9A1E7A4F7556}") = "Entities", "Entities\Entities.csproj", "{7C19B0DA-9D91-4527-B75F-BFD53FCA2B7F}"
EndProject
Project("{9A19103F-16F7-4668-BE54-9A1E7A4F7556}") = "ConsoleUI", "ConsoleUI\ConsoleUI.csproj", "{6528886E-8CCF-412D-A1BE-D6A549547C4E}"
EndProject
Project("{9A19103F-16F7-4668-BE54-9A1E7A4F7556}") = "Core", "Core\Core.csproj", "{1B10A2D1-E77D-44DF-A824-3D74B09AFD6E}"
EndProject
Project("{FAE04EC0-301F-11D3-BF4B-00C04F79EFBC}") = "WebAPI", "WebAPI\WebAPI.csproj", "{14B40261-93C5-4C32-BBD6-9AA76F09129D}"
EndProject
Global
	GlobalSection(SolutionConfigurationPlatforms) = preSolution
		Debug|Any CPU = Debug|Any CPU
		Release|Any CPU = Release|Any CPU
	EndGlobalSection
	GlobalSection(ProjectConfigurationPlatforms) = postSolution
		{D0FA81BF-06D7-4322-AB3D-01628E2F3614}.Debug|Any CPU.ActiveCfg = Debug|Any CPU
		{D0FA81BF-06D7-4322-AB3D-01628E2F3614}.Debug|Any CPU.Build.0 = Debug|Any CPU
		{D0FA81BF-06D7-4322-AB3D-01628E2F3614}.Release|Any CPU.ActiveCfg = Release|Any CPU
		{D0FA81BF-06D7-4322-AB3D-01628E2F3614}.Release|Any CPU.Build.0 = Release|Any CPU
		{3FA08D31-337B-4907-8688-C11C84F2F801}.Debug|Any CPU.ActiveCfg = Debug|Any CPU
		{3FA08D31-337B-4907-8688-C11C84F2F801}.Debug|Any CPU.Build.0 = Debug|Any CPU
		{3FA08D31-337B-4907-8688-C11C84F2F801}.Release|Any CPU.ActiveCfg = Release|Any CPU
		{3FA08D31-337B-4907-8688-C11C84F2F801}.Release|Any CPU.Build.0 = Release|Any CPU
		{7C19B0DA-9D91-4527-B75F-BFD53FCA2B7F}.Debug|Any CPU.ActiveCfg = Debug|Any CPU
		{7C19B0DA-9D91-4527-B75F-BFD53FCA2B7F}.Debug|Any CPU.Build.0 = Debug|Any CPU
		{7C19B0DA-9D91-4527-B75F-BFD53FCA2B7F}.Release|Any CPU.ActiveCfg = Release|Any CPU
		{7C19B0DA-9D91-4527-B75F-BFD53FCA2B7F}.Release|Any CPU.Build.0 = Release|Any CPU
		{6528886E-8CCF-412D-A1BE-D6A549547C4E}.Debug|Any CPU.ActiveCfg = Debug|Any CPU
		{6528886E-8CCF-412D-A1BE-D6A549547C4E}.Debug|Any CPU.Build.0 = Debug|Any CPU
		{6528886E-8CCF-412D-A1BE-D6A549547C4E}.Release|Any CPU.ActiveCfg = Release|Any CPU
		{6528886E-8CCF-412D-A1BE-D6A549547C4E}.Release|Any CPU.Build.0 = Release|Any CPU
		{1B10A2D1-E77D-44DF-A824-3D74B09AFD6E}.Debug|Any CPU.ActiveCfg = Debug|Any CPU
		{1B10A2D1-E77D-44DF-A824-3D74B09AFD6E}.Debug|Any CPU.Build.0 = Debug|Any CPU
		{1B10A2D1-E77D-44DF-A824-3D74B09AFD6E}.Release|Any CPU.ActiveCfg = Release|Any CPU
		{1B10A2D1-E77D-44DF-A824-3D74B09AFD6E}.Release|Any CPU.Build.0 = Release|Any CPU
		{14B40261-93C5-4C32-BBD6-9AA76F09129D}.Debug|Any CPU.ActiveCfg = Debug|Any CPU
		{14B40261-93C5-4C32-BBD6-9AA76F09129D}.Debug|Any CPU.Build.0 = Debug|Any CPU
		{14B40261-93C5-4C32-BBD6-9AA76F09129D}.Release|Any CPU.ActiveCfg = Release|Any CPU
		{14B40261-93C5-4C32-BBD6-9AA76F09129D}.Release|Any CPU.Build.0 = Release|Any CPU
	EndGlobalSection
	GlobalSection(SolutionProperties) = preSolution
		HideSolutionNode = FALSE
	EndGlobalSection
	GlobalSection(ExtensibilityGlobals) = postSolution
		SolutionGuid = {61602221-9503-4F6C-BDB9-C813B8A3B51C}
	EndGlobalSection
EndGlobal
